
Microsoft Visual Studio Solution File, Format Version 12.00
# Visual Studio Version 16
VisualStudioVersion = 16.0.30011.22
MinimumVisualStudioVersion = 10.0.40219.1
Project("{FAE04EC0-301F-11D3-BF4B-00C04F79EFBC}") = "mmr_item_tracker", "mmr_item_tracker.csproj", "{F69E9DF2-0429-4718-B0FF-FA9F8D0DD714}"
EndProject
Project("{2150E333-8FDC-42A3-9474-1A3956D46DE8}") = "Solution Items", "Solution Items", "{03BD29CD-0998-4D44-8FF0-A5BA550B0AFC}"
	ProjectSection(SolutionItems) = preProject
		Class1.cs = Class1.cs
	EndProjectSection
EndProject
Global
	GlobalSection(SolutionConfigurationPlatforms) = preSolution
		Debug|Any CPU = Debug|Any CPU
		Release|Any CPU = Release|Any CPU
	EndGlobalSection
	GlobalSection(ProjectConfigurationPlatforms) = postSolution
		{F69E9DF2-0429-4718-B0FF-FA9F8D0DD714}.Debug|Any CPU.ActiveCfg = Debug|Any CPU
		{F69E9DF2-0429-4718-B0FF-FA9F8D0DD714}.Debug|Any CPU.Build.0 = Debug|Any CPU
		{F69E9DF2-0429-4718-B0FF-FA9F8D0DD714}.Release|Any CPU.ActiveCfg = Release|Any CPU
		{F69E9DF2-0429-4718-B0FF-FA9F8D0DD714}.Release|Any CPU.Build.0 = Release|Any CPU
	EndGlobalSection
	GlobalSection(SolutionProperties) = preSolution
		HideSolutionNode = FALSE
	EndGlobalSection
	GlobalSection(ExtensibilityGlobals) = postSolution
		SolutionGuid = {77C529A4-0B7A-4716-A054-32A6B2A5E795}
	EndGlobalSection
EndGlobal
